
Microsoft Visual Studio Solution File, Format Version 12.00
# Visual Studio Version 16
VisualStudioVersion = 16.0.31911.196
MinimumVisualStudioVersion = 10.0.40219.1
Project("{FAE04EC0-301F-11D3-BF4B-00C04F79EFBC}") = "SevBol3_Ejer3", "SevBol3_Ejer3\SevBol3_Ejer3.csproj", "{7181291C-28FE-4377-B159-0E5CE0E45102}"
EndProject
Global
	GlobalSection(SolutionConfigurationPlatforms) = preSolution
		Debug|Any CPU = Debug|Any CPU
		Release|Any CPU = Release|Any CPU
	EndGlobalSection
	GlobalSection(ProjectConfigurationPlatforms) = postSolution
		{7181291C-28FE-4377-B159-0E5CE0E45102}.Debug|Any CPU.ActiveCfg = Debug|Any CPU
		{7181291C-28FE-4377-B159-0E5CE0E45102}.Debug|Any CPU.Build.0 = Debug|Any CPU
		{7181291C-28FE-4377-B159-0E5CE0E45102}.Release|Any CPU.ActiveCfg = Release|Any CPU
		{7181291C-28FE-4377-B159-0E5CE0E45102}.Release|Any CPU.Build.0 = Release|Any CPU
	EndGlobalSection
	GlobalSection(SolutionProperties) = preSolution
		HideSolutionNode = FALSE
	EndGlobalSection
	GlobalSection(ExtensibilityGlobals) = postSolution
		SolutionGuid = {8C09D4D5-36D7-429D-ACB3-4A8AA4C23505}
	EndGlobalSection
EndGlobal
